
Microsoft Visual Studio Solution File, Format Version 12.00
# Visual Studio Version 16
VisualStudioVersion = 16.0.30413.136
MinimumVisualStudioVersion = 10.0.40219.1
Project("{9A19103F-16F7-4668-BE54-9A1E7A4F7556}") = "FormulaEvaluator", "FormulaEvaluator\FormulaEvaluator.csproj", "{C45627D1-1661-4114-ABD5-6E1A7517320A}"
EndProject
Project("{9A19103F-16F7-4668-BE54-9A1E7A4F7556}") = "ConsoleAppFormulaEvl", "ConsoleAppFormulaEvl\ConsoleAppFormulaEvl.csproj", "{25F05E30-773D-4315-81D5-968DE23EBDA4}"
EndProject
Project("{9A19103F-16F7-4668-BE54-9A1E7A4F7556}") = "DependencyGraph", "DependencyGraph\DependencyGraph.csproj", "{B7A71A2C-9FD4-4FE0-8A0D-66F05840AAAC}"
EndProject
Project("{9A19103F-16F7-4668-BE54-9A1E7A4F7556}") = "DependencyGraphTests", "DependencyGraphTests\DependencyGraphTests.csproj", "{0BB38AFB-784C-4A68-887A-F6BF6E44F69F}"
EndProject
Project("{9A19103F-16F7-4668-BE54-9A1E7A4F7556}") = "PS1Tests", "PS1Tests\PS1Tests.csproj", "{51778727-D921-4628-A040-FF0ADFA92FF1}"
EndProject
Project("{9A19103F-16F7-4668-BE54-9A1E7A4F7556}") = "Formula", "Formula\Formula.csproj", "{37E87420-EA25-42D6-89EB-D4513A87C8BE}"
EndProject
Project("{9A19103F-16F7-4668-BE54-9A1E7A4F7556}") = "FormulaTests", "FormulaTests\FormulaTests.csproj", "{71325510-3715-4BFF-8997-A6082DAB2160}"
EndProject
Project("{9A19103F-16F7-4668-BE54-9A1E7A4F7556}") = "Spreadsheet", "Spreadsheet\Spreadsheet.csproj", "{BE908018-DBF8-4D81-B70B-3B44FF5906EA}"
EndProject
Project("{9A19103F-16F7-4668-BE54-9A1E7A4F7556}") = "SpreadsheetTests", "SpreadsheetTests\SpreadsheetTests.csproj", "{6FEE92E2-7626-47D1-96A8-424CC2C6D5EB}"
EndProject
Project("{FAE04EC0-301F-11D3-BF4B-00C04F79EFBC}") = "SpreadsheetGUI", "SpreadsheetGUI\SpreadsheetGUI.csproj", "{49516C54-9352-4039-A283-69BC8F3B72DD}"
EndProject
Project("{FAE04EC0-301F-11D3-BF4B-00C04F79EFBC}") = "SpreadsheetPanel", "SpreadsheetPanel\SpreadsheetPanel.csproj", "{D833D4DA-D994-4FFC-A890-82B26C52A4B3}"
EndProject
Project("{2150E333-8FDC-42A3-9474-1A3956D46DE8}") = "Solution Items", "Solution Items", "{857F9A06-C5A6-4DF7-8544-0C93CC0F36CF}"
	ProjectSection(SolutionItems) = preProject
		README.txt = README.txt
	EndProjectSection
EndProject
Global
	GlobalSection(SolutionConfigurationPlatforms) = preSolution
		Debug|Any CPU = Debug|Any CPU
		Release|Any CPU = Release|Any CPU
	EndGlobalSection
	GlobalSection(ProjectConfigurationPlatforms) = postSolution
		{C45627D1-1661-4114-ABD5-6E1A7517320A}.Debug|Any CPU.ActiveCfg = Debug|Any CPU
		{C45627D1-1661-4114-ABD5-6E1A7517320A}.Debug|Any CPU.Build.0 = Debug|Any CPU
		{C45627D1-1661-4114-ABD5-6E1A7517320A}.Release|Any CPU.ActiveCfg = Release|Any CPU
		{C45627D1-1661-4114-ABD5-6E1A7517320A}.Release|Any CPU.Build.0 = Release|Any CPU
		{25F05E30-773D-4315-81D5-968DE23EBDA4}.Debug|Any CPU.ActiveCfg = Debug|Any CPU
		{25F05E30-773D-4315-81D5-968DE23EBDA4}.Debug|Any CPU.Build.0 = Debug|Any CPU
		{25F05E30-773D-4315-81D5-968DE23EBDA4}.Release|Any CPU.ActiveCfg = Release|Any CPU
		{25F05E30-773D-4315-81D5-968DE23EBDA4}.Release|Any CPU.Build.0 = Release|Any CPU
		{B7A71A2C-9FD4-4FE0-8A0D-66F05840AAAC}.Debug|Any CPU.ActiveCfg = Debug|Any CPU
		{B7A71A2C-9FD4-4FE0-8A0D-66F05840AAAC}.Debug|Any CPU.Build.0 = Debug|Any CPU
		{B7A71A2C-9FD4-4FE0-8A0D-66F05840AAAC}.Release|Any CPU.ActiveCfg = Release|Any CPU
		{B7A71A2C-9FD4-4FE0-8A0D-66F05840AAAC}.Release|Any CPU.Build.0 = Release|Any CPU
		{0BB38AFB-784C-4A68-887A-F6BF6E44F69F}.Debug|Any CPU.ActiveCfg = Debug|Any CPU
		{0BB38AFB-784C-4A68-887A-F6BF6E44F69F}.Debug|Any CPU.Build.0 = Debug|Any CPU
		{0BB38AFB-784C-4A68-887A-F6BF6E44F69F}.Release|Any CPU.ActiveCfg = Release|Any CPU
		{0BB38AFB-784C-4A68-887A-F6BF6E44F69F}.Release|Any CPU.Build.0 = Release|Any CPU
		{51778727-D921-4628-A040-FF0ADFA92FF1}.Debug|Any CPU.ActiveCfg = Debug|Any CPU
		{51778727-D921-4628-A040-FF0ADFA92FF1}.Debug|Any CPU.Build.0 = Debug|Any CPU
		{51778727-D921-4628-A040-FF0ADFA92FF1}.Release|Any CPU.ActiveCfg = Release|Any CPU
		{51778727-D921-4628-A040-FF0ADFA92FF1}.Release|Any CPU.Build.0 = Release|Any CPU
		{37E87420-EA25-42D6-89EB-D4513A87C8BE}.Debug|Any CPU.ActiveCfg = Debug|Any CPU
		{37E87420-EA25-42D6-89EB-D4513A87C8BE}.Debug|Any CPU.Build.0 = Debug|Any CPU
		{37E87420-EA25-42D6-89EB-D4513A87C8BE}.Release|Any CPU.ActiveCfg = Release|Any CPU
		{37E87420-EA25-42D6-89EB-D4513A87C8BE}.Release|Any CPU.Build.0 = Release|Any CPU
		{71325510-3715-4BFF-8997-A6082DAB2160}.Debug|Any CPU.ActiveCfg = Debug|Any CPU
		{71325510-3715-4BFF-8997-A6082DAB2160}.Debug|Any CPU.Build.0 = Debug|Any CPU
		{71325510-3715-4BFF-8997-A6082DAB2160}.Release|Any CPU.ActiveCfg = Release|Any CPU
		{71325510-3715-4BFF-8997-A6082DAB2160}.Release|Any CPU.Build.0 = Release|Any CPU
		{BE908018-DBF8-4D81-B70B-3B44FF5906EA}.Debug|Any CPU.ActiveCfg = Debug|Any CPU
		{BE908018-DBF8-4D81-B70B-3B44FF5906EA}.Debug|Any CPU.Build.0 = Debug|Any CPU
		{BE908018-DBF8-4D81-B70B-3B44FF5906EA}.Release|Any CPU.ActiveCfg = Release|Any CPU
		{BE908018-DBF8-4D81-B70B-3B44FF5906EA}.Release|Any CPU.Build.0 = Release|Any CPU
		{6FEE92E2-7626-47D1-96A8-424CC2C6D5EB}.Debug|Any CPU.ActiveCfg = Debug|Any CPU
		{6FEE92E2-7626-47D1-96A8-424CC2C6D5EB}.Debug|Any CPU.Build.0 = Debug|Any CPU
		{6FEE92E2-7626-47D1-96A8-424CC2C6D5EB}.Release|Any CPU.ActiveCfg = Release|Any CPU
		{6FEE92E2-7626-47D1-96A8-424CC2C6D5EB}.Release|Any CPU.Build.0 = Release|Any CPU
		{49516C54-9352-4039-A283-69BC8F3B72DD}.Debug|Any CPU.ActiveCfg = Debug|Any CPU
		{49516C54-9352-4039-A283-69BC8F3B72DD}.Debug|Any CPU.Build.0 = Debug|Any CPU
		{49516C54-9352-4039-A283-69BC8F3B72DD}.Release|Any CPU.ActiveCfg = Release|Any CPU
		{49516C54-9352-4039-A283-69BC8F3B72DD}.Release|Any CPU.Build.0 = Release|Any CPU
		{D833D4DA-D994-4FFC-A890-82B26C52A4B3}.Debug|Any CPU.ActiveCfg = Debug|Any CPU
		{D833D4DA-D994-4FFC-A890-82B26C52A4B3}.Debug|Any CPU.Build.0 = Debug|Any CPU
		{D833D4DA-D994-4FFC-A890-82B26C52A4B3}.Release|Any CPU.ActiveCfg = Release|Any CPU
		{D833D4DA-D994-4FFC-A890-82B26C52A4B3}.Release|Any CPU.Build.0 = Release|Any CPU
	EndGlobalSection
	GlobalSection(SolutionProperties) = preSolution
		HideSolutionNode = FALSE
	EndGlobalSection
	GlobalSection(ExtensibilityGlobals) = postSolution
		SolutionGuid = {35E8630F-F11B-4653-9B9E-86D2CF099AF9}
	EndGlobalSection
EndGlobal
